
Microsoft Visual Studio Solution File, Format Version 12.00
# Visual Studio Version 17
VisualStudioVersion = 17.0.31903.59
MinimumVisualStudioVersion = 10.0.40219.1
Project("{FAE04EC0-301F-11D3-BF4B-00C04F79EFBC}") = "ConsoleCricket", "ConsoleCricket.csproj", "{C3B18C44-F520-48CA-B27A-DF0B3AD67323}"
EndProject
Global
	GlobalSection(SolutionConfigurationPlatforms) = preSolution
		Debug|Any CPU = Debug|Any CPU
		Release|Any CPU = Release|Any CPU
	EndGlobalSection
	GlobalSection(SolutionProperties) = preSolution
		HideSolutionNode = FALSE
	EndGlobalSection
	GlobalSection(ProjectConfigurationPlatforms) = postSolution
		{C3B18C44-F520-48CA-B27A-DF0B3AD67323}.Debug|Any CPU.ActiveCfg = Debug|Any CPU
		{C3B18C44-F520-48CA-B27A-DF0B3AD67323}.Debug|Any CPU.Build.0 = Debug|Any CPU
		{C3B18C44-F520-48CA-B27A-DF0B3AD67323}.Release|Any CPU.ActiveCfg = Release|Any CPU
		{C3B18C44-F520-48CA-B27A-DF0B3AD67323}.Release|Any CPU.Build.0 = Release|Any CPU
	EndGlobalSection
EndGlobal
